
Microsoft Visual Studio Solution File, Format Version 12.00
# Visual Studio Version 17
VisualStudioVersion = 17.14.36203.30 d17.14
MinimumVisualStudioVersion = 10.0.40219.1
Project("{FAE04EC0-301F-11D3-BF4B-00C04F79EFBC}") = "CalculatorPro", "CalculatorPro\CalculatorPro.csproj", "{00F0D86A-306C-499B-88FD-CEE3415677A7}"
EndProject
Global
	GlobalSection(SolutionConfigurationPlatforms) = preSolution
		Debug|Any CPU = Debug|Any CPU
		Release|Any CPU = Release|Any CPU
	EndGlobalSection
	GlobalSection(ProjectConfigurationPlatforms) = postSolution
		{00F0D86A-306C-499B-88FD-CEE3415677A7}.Debug|Any CPU.ActiveCfg = Debug|Any CPU
		{00F0D86A-306C-499B-88FD-CEE3415677A7}.Debug|Any CPU.Build.0 = Debug|Any CPU
		{00F0D86A-306C-499B-88FD-CEE3415677A7}.Release|Any CPU.ActiveCfg = Release|Any CPU
		{00F0D86A-306C-499B-88FD-CEE3415677A7}.Release|Any CPU.Build.0 = Release|Any CPU
	EndGlobalSection
	GlobalSection(SolutionProperties) = preSolution
		HideSolutionNode = FALSE
	EndGlobalSection
	GlobalSection(ExtensibilityGlobals) = postSolution
		SolutionGuid = {FE4DBF5D-73F1-4A0A-8532-6DB7B3726670}
	EndGlobalSection
EndGlobal
